// !$*UTF8*$!
{
	archiveVersion = 1;
	classes = {
	};
	objectVersion = 56;
	objects = {

/* Begin PBXBuildFile section */
		9F2D834C2975D5C8005372B1 /* xalilApp.swift in Sources */ = {isa = PBXBuildFile; fileRef = 9F2D834B2975D5C8005372B1 /* xalilApp.swift */; };
		9F2D834E2975D5C8005372B1 /* ContentView.swift in Sources */ = {isa = PBXBuildFile; fileRef = 9F2D834D2975D5C8005372B1 /* ContentView.swift */; };
		9F2D83502975D5C9005372B1 /* Assets.xcassets in Resources */ = {isa = PBXBuildFile; fileRef = 9F2D834F2975D5C9005372B1 /* Assets.xcassets */; };
		9F2D83542975D5C9005372B1 /* Preview Assets.xcassets in Resources */ = {isa = PBXBuildFile; fileRef = 9F2D83532975D5C9005372B1 /* Preview Assets.xcassets */; };
		9F2D835E2975D5CA005372B1 /* xalilTests.swift in Sources */ = {isa = PBXBuildFile; fileRef = 9F2D835D2975D5CA005372B1 /* xalilTests.swift */; };
		9F2D83682975D5CA005372B1 /* xalilUITests.swift in Sources */ = {isa = PBXBuildFile; fileRef = 9F2D83672975D5CA005372B1 /* xalilUITests.swift */; };
		9F2D836A2975D5CA005372B1 /* xalilUITestsLaunchTests.swift in Sources */ = {isa = PBXBuildFile; fileRef = 9F2D83692975D5CA005372B1 /* xalilUITestsLaunchTests.swift */; };
/* End PBXBuildFile section */

/* Begin PBXContainerItemProxy section */
		9F2D835A2975D5CA005372B1 /* PBXContainerItemProxy */ = {
			isa = PBXContainerItemProxy;
			containerPortal = 9F2D83402975D5C8005372B1 /* Project object */;
			proxyType = 1;
			remoteGlobalIDString = 9F2D83472975D5C8005372B1;
			remoteInfo = xalil;
		};
		9F2D83642975D5CA005372B1 /* PBXContainerItemProxy */ = {
			isa = PBXContainerItemProxy;
			containerPortal = 9F2D83402975D5C8005372B1 /* Project object */;
			proxyType = 1;
			remoteGlobalIDString = 9F2D83472975D5C8005372B1;
			remoteInfo = xalil;
		};
/* End PBXContainerItemProxy section */

/* Begin PBXFileReference section */
		9F2D83482975D5C8005372B1 /* xalil.app */ = {isa = PBXFileReference; explicitFileType = wrapper.application; includeInIndex = 0; path = xalil.app; sourceTree = BUILT_PRODUCTS_DIR; };
		9F2D834B2975D5C8005372B1 /* xalilApp.swift */ = {isa = PBXFileReference; lastKnownFileType = sourcecode.swift; path = xalilApp.swift; sourceTree = "<group>"; };
		9F2D834D2975D5C8005372B1 /* ContentView.swift */ = {isa = PBXFileReference; lastKnownFileType = sourcecode.swift; path = ContentView.swift; sourceTree = "<group>"; };
		9F2D834F2975D5C9005372B1 /* Assets.xcassets */ = {isa = PBXFileReference; lastKnownFileType = folder.assetcatalog; path = Assets.xcassets; sourceTree = "<group>"; };
		9F2D83512975D5C9005372B1 /* xalil.entitlements */ = {isa = PBXFileReference; lastKnownFileType = text.plist.entitlements; path = xalil.entitlements; sourceTree = "<group>"; };
		9F2D83532975D5C9005372B1 /* Preview Assets.xcassets */ = {isa = PBXFileReference; lastKnownFileType = folder.assetcatalog; path = "Preview Assets.xcassets"; sourceTree = "<group>"; };
		9F2D83592975D5CA005372B1 /* xalilTests.xctest */ = {isa = PBXFileReference; explicitFileType = wrapper.cfbundle; includeInIndex = 0; path = xalilTests.xctest; sourceTree = BUILT_PRODUCTS_DIR; };
		9F2D835D2975D5CA005372B1 /* xalilTests.swift */ = {isa = PBXFileReference; lastKnownFileType = sourcecode.swift; path = xalilTests.swift; sourceTree = "<group>"; };
		9F2D83632975D5CA005372B1 /* xalilUITests.xctest */ = {isa = PBXFileReference; explicitFileType = wrapper.cfbundle; includeInIndex = 0; path = xalilUITests.xctest; sourceTree = BUILT_PRODUCTS_DIR; };
		9F2D83672975D5CA005372B1 /* xalilUITests.swift */ = {isa = PBXFileReference; lastKnownFileType = sourcecode.swift; path = xalilUITests.swift; sourceTree = "<group>"; };
		9F2D83692975D5CA005372B1 /* xalilUITestsLaunchTests.swift */ = {isa = PBXFileReference; lastKnownFileType = sourcecode.swift; path = xalilUITestsLaunchTests.swift; sourceTree = "<group>"; };
/* End PBXFileReference section */

/* Begin PBXFrameworksBuildPhase section */
		9F2D83452975D5C8005372B1 /* Frameworks */ = {
			isa = PBXFrameworksBuildPhase;
			buildActionMask = 2147483647;
			files = (
			);
			runOnlyForDeploymentPostprocessing = 0;
		};
		9F2D83562975D5CA005372B1 /* Frameworks */ = {
			isa = PBXFrameworksBuildPhase;
			buildActionMask = 2147483647;
			files = (
			);
			runOnlyForDeploymentPostprocessing = 0;
		};
		9F2D83602975D5CA005372B1 /* Frameworks */ = {
			isa = PBXFrameworksBuildPhase;
			buildActionMask = 2147483647;
			files = (
			);
			runOnlyForDeploymentPostprocessing = 0;
		};
/* End PBXFrameworksBuildPhase section */

/* Begin PBXGroup section */
		9F2D833F2975D5C8005372B1 = {
			isa = PBXGroup;
			children = (
				9F2D834A2975D5C8005372B1 /* xalil */,
				9F2D835C2975D5CA005372B1 /* xalilTests */,
				9F2D83662975D5CA005372B1 /* xalilUITests */,
				9F2D83492975D5C8005372B1 /* Products */,
			);
			sourceTree = "<group>";
		};
		9F2D83492975D5C8005372B1 /* Products */ = {
			isa = PBXGroup;
			children = (
				9F2D83482975D5C8005372B1 /* xalil.app */,
				9F2D83592975D5CA005372B1 /* xalilTests.xctest */,
				9F2D83632975D5CA005372B1 /* xalilUITests.xctest */,
			);
			name = Products;
			sourceTree = "<group>";
		};
		9F2D834A2975D5C8005372B1 /* xalil */ = {
			isa = PBXGroup;
			children = (
				9F2D834B2975D5C8005372B1 /* xalilApp.swift */,
				9F2D834D2975D5C8005372B1 /* ContentView.swift */,
				9F2D834F2975D5C9005372B1 /* Assets.xcassets */,
				9F2D83512975D5C9005372B1 /* xalil.entitlements */,
				9F2D83522975D5C9005372B1 /* Preview Content */,
			);
			path = xalil;
			sourceTree = "<group>";
		};
		9F2D83522975D5C9005372B1 /* Preview Content */ = {
			isa = PBXGroup;
			children = (
				9F2D83532975D5C9005372B1 /* Preview Assets.xcassets */,
			);
			path = "Preview Content";
			sourceTree = "<group>";
		};
		9F2D835C2975D5CA005372B1 /* xalilTests */ = {
			isa = PBXGroup;
			children = (
				9F2D835D2975D5CA005372B1 /* xalilTests.swift */,
			);
			path = xalilTests;
			sourceTree = "<group>";
		};
		9F2D83662975D5CA005372B1 /* xalilUITests */ = {
			isa = PBXGroup;
			children = (
				9F2D83672975D5CA005372B1 /* xalilUITests.swift */,
				9F2D83692975D5CA005372B1 /* xalilUITestsLaunchTests.swift */,
			);
			path = xalilUITests;
			sourceTree = "<group>";
		};
/* End PBXGroup section */

/* Begin PBXNativeTarget section */
		9F2D83472975D5C8005372B1 /* xalil */ = {
			isa = PBXNativeTarget;
			buildConfigurationList = 9F2D836D2975D5CA005372B1 /* Build configuration list for PBXNativeTarget "xalil" */;
			buildPhases = (
				9F2D83442975D5C8005372B1 /* Sources */,
				9F2D83452975D5C8005372B1 /* Frameworks */,
				9F2D83462975D5C8005372B1 /* Resources */,
			);
			buildRules = (
			);
			dependencies = (
			);
			name = xalil;
			productName = xalil;
			productReference = 9F2D83482975D5C8005372B1 /* xalil.app */;
			productType = "com.apple.product-type.application";
		};
		9F2D83582975D5CA005372B1 /* xalilTests */ = {
			isa = PBXNativeTarget;
			buildConfigurationList = 9F2D83702975D5CA005372B1 /* Build configuration list for PBXNativeTarget "xalilTests" */;
			buildPhases = (
				9F2D83552975D5CA005372B1 /* Sources */,
				9F2D83562975D5CA005372B1 /* Frameworks */,
				9F2D83572975D5CA005372B1 /* Resources */,
			);
			buildRules = (
			);
			dependencies = (
				9F2D835B2975D5CA005372B1 /* PBXTargetDependency */,
			);
			name = xalilTests;
			productName = xalilTests;
			productReference = 9F2D83592975D5CA005372B1 /* xalilTests.xctest */;
			productType = "com.apple.product-type.bundle.unit-test";
		};
		9F2D83622975D5CA005372B1 /* xalilUITests */ = {
			isa = PBXNativeTarget;
			buildConfigurationList = 9F2D83732975D5CA005372B1 /* Build configuration list for PBXNativeTarget "xalilUITests" */;
			buildPhases = (
				9F2D835F2975D5CA005372B1 /* Sources */,
				9F2D83602975D5CA005372B1 /* Frameworks */,
				9F2D83612975D5CA005372B1 /* Resources */,
			);
			buildRules = (
			);
			dependencies = (
				9F2D83652975D5CA005372B1 /* PBXTargetDependency */,
			);
			name = xalilUITests;
			productName = xalilUITests;
			productReference = 9F2D83632975D5CA005372B1 /* xalilUITests.xctest */;
			productType = "com.apple.product-type.bundle.ui-testing";
		};
/* End PBXNativeTarget section */

/* Begin PBXProject section */
		9F2D83402975D5C8005372B1 /* Project object */ = {
			isa = PBXProject;
			attributes = {
				BuildIndependentTargetsInParallel = 1;
				LastSwiftUpdateCheck = 1420;
				LastUpgradeCheck = 1420;
				TargetAttributes = {
					9F2D83472975D5C8005372B1 = {
						CreatedOnToolsVersion = 14.2;
					};
					9F2D83582975D5CA005372B1 = {
						CreatedOnToolsVersion = 14.2;
						TestTargetID = 9F2D83472975D5C8005372B1;
					};
					9F2D83622975D5CA005372B1 = {
						CreatedOnToolsVersion = 14.2;
						TestTargetID = 9F2D83472975D5C8005372B1;
					};
				};
			};
			buildConfigurationList = 9F2D83432975D5C8005372B1 /* Build configuration list for PBXProject "xalil" */;
			compatibilityVersion = "Xcode 14.0";
			developmentRegion = en;
			hasScannedForEncodings = 0;
			knownRegions = (
				en,
				Base,
			);
			mainGroup = 9F2D833F2975D5C8005372B1;
			productRefGroup = 9F2D83492975D5C8005372B1 /* Products */;
			projectDirPath = "";
			projectRoot = "";
			targets = (
				9F2D83472975D5C8005372B1 /* xalil */,
				9F2D83582975D5CA005372B1 /* xalilTests */,
				9F2D83622975D5CA005372B1 /* xalilUITests */,
			);
		};
/* End PBXProject section */

/* Begin PBXResourcesBuildPhase section */
		9F2D83462975D5C8005372B1 /* Resources */ = {
			isa = PBXResourcesBuildPhase;
			buildActionMask = 2147483647;
			files = (
				9F2D83542975D5C9005372B1 /* Preview Assets.xcassets in Resources */,
				9F2D83502975D5C9005372B1 /* Assets.xcassets in Resources */,
			);
			runOnlyForDeploymentPostprocessing = 0;
		};
		9F2D83572975D5CA005372B1 /* Resources */ = {
			isa = PBXResourcesBuildPhase;
			buildActionMask = 2147483647;
			files = (
			);
			runOnlyForDeploymentPostprocessing = 0;
		};
		9F2D83612975D5CA005372B1 /* Resources */ = {
			isa = PBXResourcesBuildPhase;
			buildActionMask = 2147483647;
			files = (
			);
			runOnlyForDeploymentPostprocessing = 0;
		};
/* End PBXResourcesBuildPhase section */

/* Begin PBXSourcesBuildPhase section */
		9F2D83442975D5C8005372B1 /* Sources */ = {
			isa = PBXSourcesBuildPhase;
			buildActionMask = 2147483647;
			files = (
				9F2D834E2975D5C8005372B1 /* ContentView.swift in Sources */,
				9F2D834C2975D5C8005372B1 /* xalilApp.swift in Sources */,
			);
			runOnlyForDeploymentPostprocessing = 0;
		};
		9F2D83552975D5CA005372B1 /* Sources */ = {
			isa = PBXSourcesBuildPhase;
			buildActionMask = 2147483647;
			files = (
				9F2D835E2975D5CA005372B1 /* xalilTests.swift in Sources */,
			);
			runOnlyForDeploymentPostprocessing = 0;
		};
		9F2D835F2975D5CA005372B1 /* Sources */ = {
			isa = PBXSourcesBuildPhase;
			buildActionMask = 2147483647;
			files = (
				9F2D83682975D5CA005372B1 /* xalilUITests.swift in Sources */,
				9F2D836A2975D5CA005372B1 /* xalilUITestsLaunchTests.swift in Sources */,
			);
			runOnlyForDeploymentPostprocessing = 0;
		};
/* End PBXSourcesBuildPhase section */

/* Begin PBXTargetDependency section */
		9F2D835B2975D5CA005372B1 /* PBXTargetDependency */ = {
			isa = PBXTargetDependency;
			target = 9F2D83472975D5C8005372B1 /* xalil */;
			targetProxy = 9F2D835A2975D5CA005372B1 /* PBXContainerItemProxy */;
		};
		9F2D83652975D5CA005372B1 /* PBXTargetDependency */ = {
			isa = PBXTargetDependency;
			target = 9F2D83472975D5C8005372B1 /* xalil */;
			targetProxy = 9F2D83642975D5CA005372B1 /* PBXContainerItemProxy */;
		};
/* End PBXTargetDependency section */

/* Begin XCBuildConfiguration section */
		9F2D836B2975D5CA005372B1 /* Debug */ = {
			isa = XCBuildConfiguration;
			buildSettings = {
				ALWAYS_SEARCH_USER_PATHS = NO;
				CLANG_ANALYZER_NONNULL = YES;
				CLANG_ANALYZER_NUMBER_OBJECT_CONVERSION = YES_AGGRESSIVE;
				CLANG_CXX_LANGUAGE_STANDARD = "gnu++20";
				CLANG_ENABLE_MODULES = YES;
				CLANG_ENABLE_OBJC_ARC = YES;
				CLANG_ENABLE_OBJC_WEAK = YES;
				CLANG_WARN_BLOCK_CAPTURE_AUTORELEASING = YES;
				CLANG_WARN_BOOL_CONVERSION = YES;
				CLANG_WARN_COMMA = YES;
				CLANG_WARN_CONSTANT_CONVERSION = YES;
				CLANG_WARN_DEPRECATED_OBJC_IMPLEMENTATIONS = YES;
				CLANG_WARN_DIRECT_OBJC_ISA_USAGE = YES_ERROR;
				CLANG_WARN_DOCUMENTATION_COMMENTS = YES;
				CLANG_WARN_EMPTY_BODY = YES;
				CLANG_WARN_ENUM_CONVERSION = YES;
				CLANG_WARN_INFINITE_RECURSION = YES;
				CLANG_WARN_INT_CONVERSION = YES;
				CLANG_WARN_NON_LITERAL_NULL_CONVERSION = YES;
				CLANG_WARN_OBJC_IMPLICIT_RETAIN_SELF = YES;
				CLANG_WARN_OBJC_LITERAL_CONVERSION = YES;
				CLANG_WARN_OBJC_ROOT_CLASS = YES_ERROR;
				CLANG_WARN_QUOTED_INCLUDE_IN_FRAMEWORK_HEADER = YES;
				CLANG_WARN_RANGE_LOOP_ANALYSIS = YES;
				CLANG_WARN_STRICT_PROTOTYPES = YES;
				CLANG_WARN_SUSPICIOUS_MOVE = YES;
				CLANG_WARN_UNGUARDED_AVAILABILITY = YES_AGGRESSIVE;
				CLANG_WARN_UNREACHABLE_CODE = YES;
				CLANG_WARN__DUPLICATE_METHOD_MATCH = YES;
				COPY_PHASE_STRIP = NO;
				DEBUG_INFORMATION_FORMAT = dwarf;
				ENABLE_STRICT_OBJC_MSGSEND = YES;
				ENABLE_TESTABILITY = YES;
				GCC_C_LANGUAGE_STANDARD = gnu11;
				GCC_DYNAMIC_NO_PIC = NO;
				GCC_NO_COMMON_BLOCKS = YES;
				GCC_OPTIMIZATION_LEVEL = 0;
				GCC_PREPROCESSOR_DEFINITIONS = (
					"DEBUG=1",
					"$(inherited)",
				);
				GCC_WARN_64_TO_32_BIT_CONVERSION = YES;
				GCC_WARN_ABOUT_RETURN_TYPE = YES_ERROR;
				GCC_WARN_UNDECLARED_SELECTOR = YES;
				GCC_WARN_UNINITIALIZED_AUTOS = YES_AGGRESSIVE;
				GCC_WARN_UNUSED_FUNCTION = YES;
				GCC_WARN_UNUSED_VARIABLE = YES;
				MTL_ENABLE_DEBUG_INFO = INCLUDE_SOURCE;
				MTL_FAST_MATH = YES;
				ONLY_ACTIVE_ARCH = YES;
				SWIFT_ACTIVE_COMPILATION_CONDITIONS = DEBUG;
				SWIFT_OPTIMIZATION_LEVEL = "-Onone";
			};
			name = Debug;
		};
		9F2D836C2975D5CA005372B1 /* Release */ = {
			isa = XCBuildConfiguration;
			buildSettings = {
				ALWAYS_SEARCH_USER_PATHS = NO;
				CLANG_ANALYZER_NONNULL = YES;
				CLANG_ANALYZER_NUMBER_OBJECT_CONVERSION = YES_AGGRESSIVE;
				CLANG_CXX_LANGUAGE_STANDARD = "gnu++20";
				CLANG_ENABLE_MODULES = YES;
				CLANG_ENABLE_OBJC_ARC = YES;
				CLANG_ENABLE_OBJC_WEAK = YES;
				CLANG_WARN_BLOCK_CAPTURE_AUTORELEASING = YES;
				CLANG_WARN_BOOL_CONVERSION = YES;
				CLANG_WARN_COMMA = YES;
				CLANG_WARN_CONSTANT_CONVERSION = YES;
				CLANG_WARN_DEPRECATED_OBJC_IMPLEMENTATIONS = YES;
				CLANG_WARN_DIRECT_OBJC_ISA_USAGE = YES_ERROR;
				CLANG_WARN_DOCUMENTATION_COMMENTS = YES;
				CLANG_WARN_EMPTY_BODY = YES;
				CLANG_WARN_ENUM_CONVERSION = YES;
				CLANG_WARN_INFINITE_RECURSION = YES;
				CLANG_WARN_INT_CONVERSION = YES;
				CLANG_WARN_NON_LITERAL_NULL_CONVERSION = YES;
				CLANG_WARN_OBJC_IMPLICIT_RETAIN_SELF = YES;
				CLANG_WARN_OBJC_LITERAL_CONVERSION = YES;
				CLANG_WARN_OBJC_ROOT_CLASS = YES_ERROR;
				CLANG_WARN_QUOTED_INCLUDE_IN_FRAMEWORK_HEADER = YES;
				CLANG_WARN_RANGE_LOOP_ANALYSIS = YES;
				CLANG_WARN_STRICT_PROTOTYPES = YES;
				CLANG_WARN_SUSPICIOUS_MOVE = YES;
				CLANG_WARN_UNGUARDED_AVAILABILITY = YES_AGGRESSIVE;
				CLANG_WARN_UNREACHABLE_CODE = YES;
				CLANG_WARN__DUPLICATE_METHOD_MATCH = YES;
				COPY_PHASE_STRIP = NO;
				DEBUG_INFORMATION_FORMAT = "dwarf-with-dsym";
				ENABLE_NS_ASSERTIONS = NO;
				ENABLE_STRICT_OBJC_MSGSEND = YES;
				GCC_C_LANGUAGE_STANDARD = gnu11;
				GCC_NO_COMMON_BLOCKS = YES;
				GCC_WARN_64_TO_32_BIT_CONVERSION = YES;
				GCC_WARN_ABOUT_RETURN_TYPE = YES_ERROR;
				GCC_WARN_UNDECLARED_SELECTOR = YES;
				GCC_WARN_UNINITIALIZED_AUTOS = YES_AGGRESSIVE;
				GCC_WARN_UNUSED_FUNCTION = YES;
				GCC_WARN_UNUSED_VARIABLE = YES;
				MTL_ENABLE_DEBUG_INFO = NO;
				MTL_FAST_MATH = YES;
				SWIFT_COMPILATION_MODE = wholemodule;
				SWIFT_OPTIMIZATION_LEVEL = "-O";
			};
			name = Release;
		};
		9F2D836E2975D5CA005372B1 /* Debug */ = {
			isa = XCBuildConfiguration;
			buildSettings = {
				ASSETCATALOG_COMPILER_APPICON_NAME = AppIcon;
				ASSETCATALOG_COMPILER_GLOBAL_ACCENT_COLOR_NAME = AccentColor;
				CODE_SIGN_ENTITLEMENTS = xalil/xalil.entitlements;
				CODE_SIGN_STYLE = Automatic;
				CURRENT_PROJECT_VERSION = 1;
				DEVELOPMENT_ASSET_PATHS = "\"xalil/Preview Content\"";
				ENABLE_PREVIEWS = YES;
				GENERATE_INFOPLIST_FILE = YES;
				"INFOPLIST_KEY_UIApplicationSceneManifest_Generation[sdk=iphoneos*]" = YES;
				"INFOPLIST_KEY_UIApplicationSceneManifest_Generation[sdk=iphonesimulator*]" = YES;
				"INFOPLIST_KEY_UIApplicationSupportsIndirectInputEvents[sdk=iphoneos*]" = YES;
				"INFOPLIST_KEY_UIApplicationSupportsIndirectInputEvents[sdk=iphonesimulator*]" = YES;
				"INFOPLIST_KEY_UILaunchScreen_Generation[sdk=iphoneos*]" = YES;
				"INFOPLIST_KEY_UILaunchScreen_Generation[sdk=iphonesimulator*]" = YES;
				"INFOPLIST_KEY_UIStatusBarStyle[sdk=iphoneos*]" = UIStatusBarStyleDefault;
				"INFOPLIST_KEY_UIStatusBarStyle[sdk=iphonesimulator*]" = UIStatusBarStyleDefault;
				INFOPLIST_KEY_UISupportedInterfaceOrientations_iPad = "UIInterfaceOrientationPortrait UIInterfaceOrientationPortraitUpsideDown UIInterfaceOrientationLandscapeLeft UIInterfaceOrientationLandscapeRight";
				INFOPLIST_KEY_UISupportedInterfaceOrientations_iPhone = "UIInterfaceOrientationPortrait UIInterfaceOrientationLandscapeLeft UIInterfaceOrientationLandscapeRight";
				IPHONEOS_DEPLOYMENT_TARGET = 16.2;
				LD_RUNPATH_SEARCH_PATHS = "@executable_path/Frameworks";
				"LD_RUNPATH_SEARCH_PATHS[sdk=macosx*]" = "@executable_path/../Frameworks";
				MACOSX_DEPLOYMENT_TARGET = 13.0;
				MARKETING_VERSION = 1.0;
				PRODUCT_BUNDLE_IDENTIFIER = xalil.xalil;
				PRODUCT_NAME = "$(TARGET_NAME)";
				SDKROOT = auto;
				SUPPORTED_PLATFORMS = "iphoneos iphonesimulator macosx";
				SWIFT_EMIT_LOC_STRINGS = YES;
				SWIFT_VERSION = 5.0;
				TARGETED_DEVICE_FAMILY = "1,2";
			};
			name = Debug;
		};
		9F2D836F2975D5CA005372B1 /* Release */ = {
			isa = XCBuildConfiguration;
			buildSettings = {
				ASSETCATALOG_COMPILER_APPICON_NAME = AppIcon;
				ASSETCATALOG_COMPILER_GLOBAL_ACCENT_COLOR_NAME = AccentColor;
				CODE_SIGN_ENTITLEMENTS = xalil/xalil.entitlements;
				CODE_SIGN_STYLE = Automatic;
				CURRENT_PROJECT_VERSION = 1;
				DEVELOPMENT_ASSET_PATHS = "\"xalil/Preview Content\"";
				ENABLE_PREVIEWS = YES;
				GENERATE_INFOPLIST_FILE = YES;
				"INFOPLIST_KEY_UIApplicationSceneManifest_Generation[sdk=iphoneos*]" = YES;
				"INFOPLIST_KEY_UIApplicationSceneManifest_Generation[sdk=iphonesimulator*]" = YES;
				"INFOPLIST_KEY_UIApplicationSupportsIndirectInputEvents[sdk=iphoneos*]" = YES;
				"INFOPLIST_KEY_UIApplicationSupportsIndirectInputEvents[sdk=iphonesimulator*]" = YES;
				"INFOPLIST_KEY_UILaunchScreen_Generation[sdk=iphoneos*]" = YES;
				"INFOPLIST_KEY_UILaunchScreen_Generation[sdk=iphonesimulator*]" = YES;
				"INFOPLIST_KEY_UIStatusBarStyle[sdk=iphoneos*]" = UIStatusBarStyleDefault;
				"INFOPLIST_KEY_UIStatusBarStyle[sdk=iphonesimulator*]" = UIStatusBarStyleDefault;
				INFOPLIST_KEY_UISupportedInterfaceOrientations_iPad = "UIInterfaceOrientationPortrait UIInterfaceOrientationPortraitUpsideDown UIInterfaceOrientationLandscapeLeft UIInterfaceOrientationLandscapeRight";
				INFOPLIST_KEY_UISupportedInterfaceOrientations_iPhone = "UIInterfaceOrientationPortrait UIInterfaceOrientationLandscapeLeft UIInterfaceOrientationLandscapeRight";
				IPHONEOS_DEPLOYMENT_TARGET = 16.2;
				LD_RUNPATH_SEARCH_PATHS = "@executable_path/Frameworks";
				"LD_RUNPATH_SEARCH_PATHS[sdk=macosx*]" = "@executable_path/../Frameworks";
				MACOSX_DEPLOYMENT_TARGET = 13.0;
				MARKETING_VERSION = 1.0;
				PRODUCT_BUNDLE_IDENTIFIER = xalil.xalil;
				PRODUCT_NAME = "$(TARGET_NAME)";
				SDKROOT = auto;
				SUPPORTED_PLATFORMS = "iphoneos iphonesimulator macosx";
				SWIFT_EMIT_LOC_STRINGS = YES;
				SWIFT_VERSION = 5.0;
				TARGETED_DEVICE_FAMILY = "1,2";
			};
			name = Release;
		};
		9F2D83712975D5CA005372B1 /* Debug */ = {
			isa = XCBuildConfiguration;
			buildSettings = {
				ALWAYS_EMBED_SWIFT_STANDARD_LIBRARIES = YES;
				BUNDLE_LOADER = "$(TEST_HOST)";
				CODE_SIGN_STYLE = Automatic;
				CURRENT_PROJECT_VERSION = 1;
				GENERATE_INFOPLIST_FILE = YES;
				IPHONEOS_DEPLOYMENT_TARGET = 16.2;
				MACOSX_DEPLOYMENT_TARGET = 13.0;
				MARKETING_VERSION = 1.0;
				PRODUCT_BUNDLE_IDENTIFIER = xalil.xalilTests;
				PRODUCT_NAME = "$(TARGET_NAME)";
				SDKROOT = auto;
				SUPPORTED_PLATFORMS = "iphoneos iphonesimulator macosx";
				SWIFT_EMIT_LOC_STRINGS = NO;
				SWIFT_VERSION = 5.0;
				TARGETED_DEVICE_FAMILY = "1,2";
				TEST_HOST = "$(BUILT_PRODUCTS_DIR)/xalil.app/$(BUNDLE_EXECUTABLE_FOLDER_PATH)/xalil";
			};
			name = Debug;
		};
		9F2D83722975D5CA005372B1 /* Release */ = {
			isa = XCBuildConfiguration;
			buildSettings = {
				ALWAYS_EMBED_SWIFT_STANDARD_LIBRARIES = YES;
				BUNDLE_LOADER = "$(TEST_HOST)";
				CODE_SIGN_STYLE = Automatic;
				CURRENT_PROJECT_VERSION = 1;
				GENERATE_INFOPLIST_FILE = YES;
				IPHONEOS_DEPLOYMENT_TARGET = 16.2;
				MACOSX_DEPLOYMENT_TARGET = 13.0;
				MARKETING_VERSION = 1.0;
				PRODUCT_BUNDLE_IDENTIFIER = xalil.xalilTests;
				PRODUCT_NAME = "$(TARGET_NAME)";
				SDKROOT = auto;
				SUPPORTED_PLATFORMS = "iphoneos iphonesimulator macosx";
				SWIFT_EMIT_LOC_STRINGS = NO;
				SWIFT_VERSION = 5.0;
				TARGETED_DEVICE_FAMILY = "1,2";
				TEST_HOST = "$(BUILT_PRODUCTS_DIR)/xalil.app/$(BUNDLE_EXECUTABLE_FOLDER_PATH)/xalil";
			};
			name = Release;
		};
		9F2D83742975D5CA005372B1 /* Debug */ = {
			isa = XCBuildConfiguration;
			buildSettings = {
				ALWAYS_EMBED_SWIFT_STANDARD_LIBRARIES = YES;
				CODE_SIGN_STYLE = Automatic;
				CURRENT_PROJECT_VERSION = 1;
				GENERATE_INFOPLIST_FILE = YES;
				IPHONEOS_DEPLOYMENT_TARGET = 16.2;
				MACOSX_DEPLOYMENT_TARGET = 13.0;
				MARKETING_VERSION = 1.0;
				PRODUCT_BUNDLE_IDENTIFIER = xalil.xalilUITests;
				PRODUCT_NAME = "$(TARGET_NAME)";
				SDKROOT = auto;
				SUPPORTED_PLATFORMS = "iphoneos iphonesimulator macosx";
				SWIFT_EMIT_LOC_STRINGS = NO;
				SWIFT_VERSION = 5.0;
				TARGETED_DEVICE_FAMILY = "1,2";
				TEST_TARGET_NAME = xalil;
			};
			name = Debug;
		};
		9F2D83752975D5CA005372B1 /* Release */ = {
			isa = XCBuildConfiguration;
			buildSettings = {
				ALWAYS_EMBED_SWIFT_STANDARD_LIBRARIES = YES;
				CODE_SIGN_STYLE = Automatic;
				CURRENT_PROJECT_VERSION = 1;
				GENERATE_INFOPLIST_FILE = YES;
				IPHONEOS_DEPLOYMENT_TARGET = 16.2;
				MACOSX_DEPLOYMENT_TARGET = 13.0;
				MARKETING_VERSION = 1.0;
				PRODUCT_BUNDLE_IDENTIFIER = xalil.xalilUITests;
				PRODUCT_NAME = "$(TARGET_NAME)";
				SDKROOT = auto;
				SUPPORTED_PLATFORMS = "iphoneos iphonesimulator macosx";
				SWIFT_EMIT_LOC_STRINGS = NO;
				SWIFT_VERSION = 5.0;
				TARGETED_DEVICE_FAMILY = "1,2";
				TEST_TARGET_NAME = xalil;
			};
			name = Release;
		};
/* End XCBuildConfiguration section */

/* Begin XCConfigurationList section */
		9F2D83432975D5C8005372B1 /* Build configuration list for PBXProject "xalil" */ = {
			isa = XCConfigurationList;
			buildConfigurations = (
				9F2D836B2975D5CA005372B1 /* Debug */,
				9F2D836C2975D5CA005372B1 /* Release */,
			);
			defaultConfigurationIsVisible = 0;
			defaultConfigurationName = Release;
		};
		9F2D836D2975D5CA005372B1 /* Build configuration list for PBXNativeTarget "xalil" */ = {
			isa = XCConfigurationList;
			buildConfigurations = (
				9F2D836E2975D5CA005372B1 /* Debug */,
				9F2D836F2975D5CA005372B1 /* Release */,
			);
			defaultConfigurationIsVisible = 0;
			defaultConfigurationName = Release;
		};
		9F2D83702975D5CA005372B1 /* Build configuration list for PBXNativeTarget "xalilTests" */ = {
			isa = XCConfigurationList;
			buildConfigurations = (
				9F2D83712975D5CA005372B1 /* Debug */,
				9F2D83722975D5CA005372B1 /* Release */,
			);
			defaultConfigurationIsVisible = 0;
			defaultConfigurationName = Release;
		};
		9F2D83732975D5CA005372B1 /* Build configuration list for PBXNativeTarget "xalilUITests" */ = {
			isa = XCConfigurationList;
			buildConfigurations = (
				9F2D83742975D5CA005372B1 /* Debug */,
				9F2D83752975D5CA005372B1 /* Release */,
			);
			defaultConfigurationIsVisible = 0;
			defaultConfigurationName = Release;
		};
/* End XCConfigurationList section */
	};
	rootObject = 9F2D83402975D5C8005372B1 /* Project object */;
}
